
Microsoft Visual Studio Solution File, Format Version 12.00
# Visual Studio Version 17
VisualStudioVersion = 17.14.36511.14
MinimumVisualStudioVersion = 10.0.40219.1
Project("{2150E333-8FDC-42A3-9474-1A3956D46DE8}") = "Task0", "Task0", "{02EA681E-C7D8-13C7-8484-4AC65E1B71E8}"
EndProject
Project("{FAE04EC0-301F-11D3-BF4B-00C04F79EFBC}") = "Tyuiu.YushkovaES.Sprint6.Task0.V22.Lib", "Tyuiu.YushkovaES.Sprint6.Task0.V22.Lib\Tyuiu.YushkovaES.Sprint6.Task0.V22.Lib.csproj", "{6FAADB52-CF85-417F-A4C6-04AEA38885BF}"
EndProject
Project("{FAE04EC0-301F-11D3-BF4B-00C04F79EFBC}") = "Tyuiu.YushkovaES.Sprint6.Task0.V22.Test", "Tyuiu.YushkovaES.Sprint6.Task0.V22.Test\Tyuiu.YushkovaES.Sprint6.Task0.V22.Test.csproj", "{D4C3E6D5-B4C7-4B93-B4D3-EDCF531AD011}"
EndProject
Project("{FAE04EC0-301F-11D3-BF4B-00C04F79EFBC}") = "Tyuiu.YushkovaES.Sprint6.Task0.V22", "Tyuiu.YushkovaES.Sprint6.Task0.V22\Tyuiu.YushkovaES.Sprint6.Task0.V22.csproj", "{B59BBC23-2D02-4FB4-B219-556E48A120FE}"
EndProject
Project("{2150E333-8FDC-42A3-9474-1A3956D46DE8}") = "Task1", "Task1", "{843D9FC8-2C11-43FA-82D3-B75E4E44C215}"
EndProject
Project("{FAE04EC0-301F-11D3-BF4B-00C04F79EFBC}") = "Tyuiu.YushkovaES.Sprint6.Task1.V2.Lib", "Tyuiu.YushkovaES.Sprint6.Task1.V2.Lib\Tyuiu.YushkovaES.Sprint6.Task1.V2.Lib.csproj", "{8C99E7AC-5C9D-4771-B530-DE1DF0ED9A4F}"
EndProject
Project("{FAE04EC0-301F-11D3-BF4B-00C04F79EFBC}") = "Tyuiu.YushkovaES.Sprint6.Task1.V2.Test", "Tyuiu.YushkovaES.Sprint6.Task1.V2.Test\Tyuiu.YushkovaES.Sprint6.Task1.V2.Test.csproj", "{36DE9249-3F0D-452F-BB91-13D2ABD1F8A4}"
EndProject
Project("{FAE04EC0-301F-11D3-BF4B-00C04F79EFBC}") = "Tyuiu.YushkovaES.Sprint6.Task1.V2", "Tyuiu.YushkovaES.Sprint6.Task1.V2\Tyuiu.YushkovaES.Sprint6.Task1.V2.csproj", "{70D65494-C70A-4CFA-AEAD-ECB1243892FA}"
EndProject
Project("{2150E333-8FDC-42A3-9474-1A3956D46DE8}") = "Task3", "Task3", "{97D41E71-B297-4116-8E25-BF5A40F555C9}"
EndProject
Project("{FAE04EC0-301F-11D3-BF4B-00C04F79EFBC}") = "Tyuiu.YushkovaES.Sprint6.Task3.V1.Lib", "Tyuiu.YushkovaES.Sprint6.Task3.V1.Lib\Tyuiu.YushkovaES.Sprint6.Task3.V1.Lib.csproj", "{110731E2-4FD3-4253-BE20-6CB76E9B8053}"
EndProject
Project("{FAE04EC0-301F-11D3-BF4B-00C04F79EFBC}") = "Tyuiu.YushkovaES.Sprint6.Task3.V1.Test", "Tyuiu.YushkovaES.Sprint6.Task3.V1.Test\Tyuiu.YushkovaES.Sprint6.Task3.V1.Test.csproj", "{03AAFFB6-C696-4D85-B4AE-058D7410AA3A}"
EndProject
Project("{FAE04EC0-301F-11D3-BF4B-00C04F79EFBC}") = "Tyuiu.YushkovaES.Sprint6.Task3.V1", "Tyuiu.YushkovaES.Sprint6.Task3.V1\Tyuiu.YushkovaES.Sprint6.Task3.V1.csproj", "{1D449269-0EB8-4FD9-B035-DE6289153C05}"
EndProject
Project("{2150E333-8FDC-42A3-9474-1A3956D46DE8}") = "Task4", "Task4", "{EF0C6A90-BBCA-48F4-98AC-6D58F5E5A6E5}"
EndProject
Project("{FAE04EC0-301F-11D3-BF4B-00C04F79EFBC}") = "Tyuiu.YushkovaES.Sprint6.Task4.V19.Lib", "Tyuiu.YushkovaES.Sprint6.Task4.V19.Lib\Tyuiu.YushkovaES.Sprint6.Task4.V19.Lib.csproj", "{3ABD7448-00C0-4770-97F1-43116D33069D}"
EndProject
Project("{FAE04EC0-301F-11D3-BF4B-00C04F79EFBC}") = "Tyuiu.YushkovaES.Sprint6.Task4.V19.Test", "Tyuiu.YushkovaES.Sprint6.Task4.V19.Test\Tyuiu.YushkovaES.Sprint6.Task4.V19.Test.csproj", "{CFCAF2C5-4516-4C0E-B532-A60F4B9969CA}"
EndProject
Project("{FAE04EC0-301F-11D3-BF4B-00C04F79EFBC}") = "Tyuiu.YushkovaES.Sprint6.Task4.V19", "Tyuiu.YushkovaES.Sprint6.Task4.V19\Tyuiu.YushkovaES.Sprint6.Task4.V19.csproj", "{1B25E212-07D7-4855-A35B-D1444D24BB09}"
EndProject
Global
	GlobalSection(SolutionConfigurationPlatforms) = preSolution
		Debug|Any CPU = Debug|Any CPU
		Release|Any CPU = Release|Any CPU
	EndGlobalSection
	GlobalSection(ProjectConfigurationPlatforms) = postSolution
		{6FAADB52-CF85-417F-A4C6-04AEA38885BF}.Debug|Any CPU.ActiveCfg = Debug|Any CPU
		{6FAADB52-CF85-417F-A4C6-04AEA38885BF}.Debug|Any CPU.Build.0 = Debug|Any CPU
		{6FAADB52-CF85-417F-A4C6-04AEA38885BF}.Release|Any CPU.ActiveCfg = Release|Any CPU
		{6FAADB52-CF85-417F-A4C6-04AEA38885BF}.Release|Any CPU.Build.0 = Release|Any CPU
		{D4C3E6D5-B4C7-4B93-B4D3-EDCF531AD011}.Debug|Any CPU.ActiveCfg = Debug|Any CPU
		{D4C3E6D5-B4C7-4B93-B4D3-EDCF531AD011}.Debug|Any CPU.Build.0 = Debug|Any CPU
		{D4C3E6D5-B4C7-4B93-B4D3-EDCF531AD011}.Release|Any CPU.ActiveCfg = Release|Any CPU
		{D4C3E6D5-B4C7-4B93-B4D3-EDCF531AD011}.Release|Any CPU.Build.0 = Release|Any CPU
		{B59BBC23-2D02-4FB4-B219-556E48A120FE}.Debug|Any CPU.ActiveCfg = Debug|Any CPU
		{B59BBC23-2D02-4FB4-B219-556E48A120FE}.Debug|Any CPU.Build.0 = Debug|Any CPU
		{B59BBC23-2D02-4FB4-B219-556E48A120FE}.Release|Any CPU.ActiveCfg = Release|Any CPU
		{B59BBC23-2D02-4FB4-B219-556E48A120FE}.Release|Any CPU.Build.0 = Release|Any CPU
		{8C99E7AC-5C9D-4771-B530-DE1DF0ED9A4F}.Debug|Any CPU.ActiveCfg = Debug|Any CPU
		{8C99E7AC-5C9D-4771-B530-DE1DF0ED9A4F}.Debug|Any CPU.Build.0 = Debug|Any CPU
		{8C99E7AC-5C9D-4771-B530-DE1DF0ED9A4F}.Release|Any CPU.ActiveCfg = Release|Any CPU
		{8C99E7AC-5C9D-4771-B530-DE1DF0ED9A4F}.Release|Any CPU.Build.0 = Release|Any CPU
		{36DE9249-3F0D-452F-BB91-13D2ABD1F8A4}.Debug|Any CPU.ActiveCfg = Debug|Any CPU
		{36DE9249-3F0D-452F-BB91-13D2ABD1F8A4}.Debug|Any CPU.Build.0 = Debug|Any CPU
		{36DE9249-3F0D-452F-BB91-13D2ABD1F8A4}.Release|Any CPU.ActiveCfg = Release|Any CPU
		{36DE9249-3F0D-452F-BB91-13D2ABD1F8A4}.Release|Any CPU.Build.0 = Release|Any CPU
		{70D65494-C70A-4CFA-AEAD-ECB1243892FA}.Debug|Any CPU.ActiveCfg = Debug|Any CPU
		{70D65494-C70A-4CFA-AEAD-ECB1243892FA}.Debug|Any CPU.Build.0 = Debug|Any CPU
		{70D65494-C70A-4CFA-AEAD-ECB1243892FA}.Release|Any CPU.ActiveCfg = Release|Any CPU
		{70D65494-C70A-4CFA-AEAD-ECB1243892FA}.Release|Any CPU.Build.0 = Release|Any CPU
		{110731E2-4FD3-4253-BE20-6CB76E9B8053}.Debug|Any CPU.ActiveCfg = Debug|Any CPU
		{110731E2-4FD3-4253-BE20-6CB76E9B8053}.Debug|Any CPU.Build.0 = Debug|Any CPU
		{110731E2-4FD3-4253-BE20-6CB76E9B8053}.Release|Any CPU.ActiveCfg = Release|Any CPU
		{110731E2-4FD3-4253-BE20-6CB76E9B8053}.Release|Any CPU.Build.0 = Release|Any CPU
		{03AAFFB6-C696-4D85-B4AE-058D7410AA3A}.Debug|Any CPU.ActiveCfg = Debug|Any CPU
		{03AAFFB6-C696-4D85-B4AE-058D7410AA3A}.Debug|Any CPU.Build.0 = Debug|Any CPU
		{03AAFFB6-C696-4D85-B4AE-058D7410AA3A}.Release|Any CPU.ActiveCfg = Release|Any CPU
		{03AAFFB6-C696-4D85-B4AE-058D7410AA3A}.Release|Any CPU.Build.0 = Release|Any CPU
		{1D449269-0EB8-4FD9-B035-DE6289153C05}.Debug|Any CPU.ActiveCfg = Debug|Any CPU
		{1D449269-0EB8-4FD9-B035-DE6289153C05}.Debug|Any CPU.Build.0 = Debug|Any CPU
		{1D449269-0EB8-4FD9-B035-DE6289153C05}.Release|Any CPU.ActiveCfg = Release|Any CPU
		{1D449269-0EB8-4FD9-B035-DE6289153C05}.Release|Any CPU.Build.0 = Release|Any CPU
		{3ABD7448-00C0-4770-97F1-43116D33069D}.Debug|Any CPU.ActiveCfg = Debug|Any CPU
		{3ABD7448-00C0-4770-97F1-43116D33069D}.Debug|Any CPU.Build.0 = Debug|Any CPU
		{3ABD7448-00C0-4770-97F1-43116D33069D}.Release|Any CPU.ActiveCfg = Release|Any CPU
		{3ABD7448-00C0-4770-97F1-43116D33069D}.Release|Any CPU.Build.0 = Release|Any CPU
		{CFCAF2C5-4516-4C0E-B532-A60F4B9969CA}.Debug|Any CPU.ActiveCfg = Debug|Any CPU
		{CFCAF2C5-4516-4C0E-B532-A60F4B9969CA}.Debug|Any CPU.Build.0 = Debug|Any CPU
		{CFCAF2C5-4516-4C0E-B532-A60F4B9969CA}.Release|Any CPU.ActiveCfg = Release|Any CPU
		{CFCAF2C5-4516-4C0E-B532-A60F4B9969CA}.Release|Any CPU.Build.0 = Release|Any CPU
		{1B25E212-07D7-4855-A35B-D1444D24BB09}.Debug|Any CPU.ActiveCfg = Debug|Any CPU
		{1B25E212-07D7-4855-A35B-D1444D24BB09}.Debug|Any CPU.Build.0 = Debug|Any CPU
		{1B25E212-07D7-4855-A35B-D1444D24BB09}.Release|Any CPU.ActiveCfg = Release|Any CPU
		{1B25E212-07D7-4855-A35B-D1444D24BB09}.Release|Any CPU.Build.0 = Release|Any CPU
	EndGlobalSection
	GlobalSection(SolutionProperties) = preSolution
		HideSolutionNode = FALSE
	EndGlobalSection
	GlobalSection(NestedProjects) = preSolution
		{6FAADB52-CF85-417F-A4C6-04AEA38885BF} = {02EA681E-C7D8-13C7-8484-4AC65E1B71E8}
		{D4C3E6D5-B4C7-4B93-B4D3-EDCF531AD011} = {02EA681E-C7D8-13C7-8484-4AC65E1B71E8}
		{B59BBC23-2D02-4FB4-B219-556E48A120FE} = {02EA681E-C7D8-13C7-8484-4AC65E1B71E8}
		{8C99E7AC-5C9D-4771-B530-DE1DF0ED9A4F} = {843D9FC8-2C11-43FA-82D3-B75E4E44C215}
		{36DE9249-3F0D-452F-BB91-13D2ABD1F8A4} = {843D9FC8-2C11-43FA-82D3-B75E4E44C215}
		{70D65494-C70A-4CFA-AEAD-ECB1243892FA} = {843D9FC8-2C11-43FA-82D3-B75E4E44C215}
		{110731E2-4FD3-4253-BE20-6CB76E9B8053} = {97D41E71-B297-4116-8E25-BF5A40F555C9}
		{03AAFFB6-C696-4D85-B4AE-058D7410AA3A} = {97D41E71-B297-4116-8E25-BF5A40F555C9}
		{1D449269-0EB8-4FD9-B035-DE6289153C05} = {97D41E71-B297-4116-8E25-BF5A40F555C9}
		{3ABD7448-00C0-4770-97F1-43116D33069D} = {EF0C6A90-BBCA-48F4-98AC-6D58F5E5A6E5}
		{CFCAF2C5-4516-4C0E-B532-A60F4B9969CA} = {EF0C6A90-BBCA-48F4-98AC-6D58F5E5A6E5}
		{1B25E212-07D7-4855-A35B-D1444D24BB09} = {EF0C6A90-BBCA-48F4-98AC-6D58F5E5A6E5}
	EndGlobalSection
	GlobalSection(ExtensibilityGlobals) = postSolution
		SolutionGuid = {9EE7B900-3B11-41B2-804A-FAB7B9773A08}
	EndGlobalSection
EndGlobal
